
Microsoft Visual Studio Solution File, Format Version 12.00
# Visual Studio Version 17
VisualStudioVersion = 17.5.002.0
MinimumVisualStudioVersion = 10.0.40219.1
Project("{9A19103F-16F7-4668-BE54-9A1E7A4F7556}") = "01_Hello_Word", "01_Hello_Word\01_Hello_Word.csproj", "{BFF2666B-8415-4237-ACC6-A145150A3980}"
EndProject
Project("{9A19103F-16F7-4668-BE54-9A1E7A4F7556}") = "02_Introducao", "02_Introducao\02_Introducao.csproj", "{FAF77ECB-8344-4EFC-9416-12367C2688BB}"
EndProject
Project("{9A19103F-16F7-4668-BE54-9A1E7A4F7556}") = "03_Operações", "03_Operações\03_Operações.csproj", "{07A62599-7060-47C0-B9CC-76DC44143991}"
EndProject
Project("{9A19103F-16F7-4668-BE54-9A1E7A4F7556}") = "04_Funcao_While", "04_Funcao_While\04_Funcao_While.csproj", "{F3C577BB-B8C8-4A40-B12D-2DAD035A1BF0}"
EndProject
Project("{9A19103F-16F7-4668-BE54-9A1E7A4F7556}") = "05_For_Array", "05_For_Array\05_For_Array.csproj", "{42ACF844-259E-4D66-BDB3-3B4850DE6C69}"
EndProject
Project("{9A19103F-16F7-4668-BE54-9A1E7A4F7556}") = "06_Sistema_Passagens", "06_Sistema_Passagens\06_Sistema_Passagens.csproj", "{53B1043E-4FE9-4639-9BFB-FFA8F9729B89}"
EndProject
Project("{9A19103F-16F7-4668-BE54-9A1E7A4F7556}") = "07_Classes_Objetos", "07_Classes_Objetos\07_Classes_Objetos.csproj", "{66D66A57-4DE8-4909-8F8B-F59E28D63205}"
EndProject
Project("{2150E333-8FDC-42A3-9474-1A3956D46DE8}") = "Exercícios", "Exercícios", "{E211ABF9-4552-403E-8013-FC079B94C344}"
EndProject
Project("{9A19103F-16F7-4668-BE54-9A1E7A4F7556}") = "ex001", "Exercícios\ex001\ex001.csproj", "{9B2DF267-A35E-4E1F-A4E6-2B6B76ED8866}"
EndProject
Project("{9A19103F-16F7-4668-BE54-9A1E7A4F7556}") = "ex002", "Exercícios\ex002\ex002.csproj", "{2F4744C5-53EB-4126-8C26-DCE73428512A}"
EndProject
Project("{9A19103F-16F7-4668-BE54-9A1E7A4F7556}") = "ex003", "Exercícios\ex003\ex003.csproj", "{CC09E3F8-DF4F-41D1-B0D5-E5CC43A894A8}"
EndProject
Project("{9A19103F-16F7-4668-BE54-9A1E7A4F7556}") = "ex004", "Exercícios\ex004\ex004.csproj", "{74B4D8A0-E777-4C36-8EB9-E3BDF2AD727F}"
EndProject
Project("{9A19103F-16F7-4668-BE54-9A1E7A4F7556}") = "ex005", "Exercícios\ex005\ex005.csproj", "{D0D7C58D-8640-47BD-B613-009A43EFDF33}"
EndProject
Global
	GlobalSection(SolutionConfigurationPlatforms) = preSolution
		Debug|Any CPU = Debug|Any CPU
		Release|Any CPU = Release|Any CPU
	EndGlobalSection
	GlobalSection(ProjectConfigurationPlatforms) = postSolution
		{BFF2666B-8415-4237-ACC6-A145150A3980}.Debug|Any CPU.ActiveCfg = Debug|Any CPU
		{BFF2666B-8415-4237-ACC6-A145150A3980}.Debug|Any CPU.Build.0 = Debug|Any CPU
		{BFF2666B-8415-4237-ACC6-A145150A3980}.Release|Any CPU.ActiveCfg = Release|Any CPU
		{BFF2666B-8415-4237-ACC6-A145150A3980}.Release|Any CPU.Build.0 = Release|Any CPU
		{FAF77ECB-8344-4EFC-9416-12367C2688BB}.Debug|Any CPU.ActiveCfg = Debug|Any CPU
		{FAF77ECB-8344-4EFC-9416-12367C2688BB}.Debug|Any CPU.Build.0 = Debug|Any CPU
		{FAF77ECB-8344-4EFC-9416-12367C2688BB}.Release|Any CPU.ActiveCfg = Release|Any CPU
		{FAF77ECB-8344-4EFC-9416-12367C2688BB}.Release|Any CPU.Build.0 = Release|Any CPU
		{07A62599-7060-47C0-B9CC-76DC44143991}.Debug|Any CPU.ActiveCfg = Debug|Any CPU
		{07A62599-7060-47C0-B9CC-76DC44143991}.Debug|Any CPU.Build.0 = Debug|Any CPU
		{07A62599-7060-47C0-B9CC-76DC44143991}.Release|Any CPU.ActiveCfg = Release|Any CPU
		{07A62599-7060-47C0-B9CC-76DC44143991}.Release|Any CPU.Build.0 = Release|Any CPU
		{F3C577BB-B8C8-4A40-B12D-2DAD035A1BF0}.Debug|Any CPU.ActiveCfg = Debug|Any CPU
		{F3C577BB-B8C8-4A40-B12D-2DAD035A1BF0}.Debug|Any CPU.Build.0 = Debug|Any CPU
		{F3C577BB-B8C8-4A40-B12D-2DAD035A1BF0}.Release|Any CPU.ActiveCfg = Release|Any CPU
		{F3C577BB-B8C8-4A40-B12D-2DAD035A1BF0}.Release|Any CPU.Build.0 = Release|Any CPU
		{42ACF844-259E-4D66-BDB3-3B4850DE6C69}.Debug|Any CPU.ActiveCfg = Debug|Any CPU
		{42ACF844-259E-4D66-BDB3-3B4850DE6C69}.Debug|Any CPU.Build.0 = Debug|Any CPU
		{42ACF844-259E-4D66-BDB3-3B4850DE6C69}.Release|Any CPU.ActiveCfg = Release|Any CPU
		{42ACF844-259E-4D66-BDB3-3B4850DE6C69}.Release|Any CPU.Build.0 = Release|Any CPU
		{53B1043E-4FE9-4639-9BFB-FFA8F9729B89}.Debug|Any CPU.ActiveCfg = Debug|Any CPU
		{53B1043E-4FE9-4639-9BFB-FFA8F9729B89}.Debug|Any CPU.Build.0 = Debug|Any CPU
		{53B1043E-4FE9-4639-9BFB-FFA8F9729B89}.Release|Any CPU.ActiveCfg = Release|Any CPU
		{53B1043E-4FE9-4639-9BFB-FFA8F9729B89}.Release|Any CPU.Build.0 = Release|Any CPU
		{66D66A57-4DE8-4909-8F8B-F59E28D63205}.Debug|Any CPU.ActiveCfg = Debug|Any CPU
		{66D66A57-4DE8-4909-8F8B-F59E28D63205}.Debug|Any CPU.Build.0 = Debug|Any CPU
		{66D66A57-4DE8-4909-8F8B-F59E28D63205}.Release|Any CPU.ActiveCfg = Release|Any CPU
		{66D66A57-4DE8-4909-8F8B-F59E28D63205}.Release|Any CPU.Build.0 = Release|Any CPU
		{9B2DF267-A35E-4E1F-A4E6-2B6B76ED8866}.Debug|Any CPU.ActiveCfg = Debug|Any CPU
		{9B2DF267-A35E-4E1F-A4E6-2B6B76ED8866}.Debug|Any CPU.Build.0 = Debug|Any CPU
		{9B2DF267-A35E-4E1F-A4E6-2B6B76ED8866}.Release|Any CPU.ActiveCfg = Release|Any CPU
		{9B2DF267-A35E-4E1F-A4E6-2B6B76ED8866}.Release|Any CPU.Build.0 = Release|Any CPU
		{2F4744C5-53EB-4126-8C26-DCE73428512A}.Debug|Any CPU.ActiveCfg = Debug|Any CPU
		{2F4744C5-53EB-4126-8C26-DCE73428512A}.Debug|Any CPU.Build.0 = Debug|Any CPU
		{2F4744C5-53EB-4126-8C26-DCE73428512A}.Release|Any CPU.ActiveCfg = Release|Any CPU
		{2F4744C5-53EB-4126-8C26-DCE73428512A}.Release|Any CPU.Build.0 = Release|Any CPU
		{CC09E3F8-DF4F-41D1-B0D5-E5CC43A894A8}.Debug|Any CPU.ActiveCfg = Debug|Any CPU
		{CC09E3F8-DF4F-41D1-B0D5-E5CC43A894A8}.Debug|Any CPU.Build.0 = Debug|Any CPU
		{CC09E3F8-DF4F-41D1-B0D5-E5CC43A894A8}.Release|Any CPU.ActiveCfg = Release|Any CPU
		{CC09E3F8-DF4F-41D1-B0D5-E5CC43A894A8}.Release|Any CPU.Build.0 = Release|Any CPU
		{74B4D8A0-E777-4C36-8EB9-E3BDF2AD727F}.Debug|Any CPU.ActiveCfg = Debug|Any CPU
		{74B4D8A0-E777-4C36-8EB9-E3BDF2AD727F}.Debug|Any CPU.Build.0 = Debug|Any CPU
		{74B4D8A0-E777-4C36-8EB9-E3BDF2AD727F}.Release|Any CPU.ActiveCfg = Release|Any CPU
		{74B4D8A0-E777-4C36-8EB9-E3BDF2AD727F}.Release|Any CPU.Build.0 = Release|Any CPU
		{D0D7C58D-8640-47BD-B613-009A43EFDF33}.Debug|Any CPU.ActiveCfg = Debug|Any CPU
		{D0D7C58D-8640-47BD-B613-009A43EFDF33}.Debug|Any CPU.Build.0 = Debug|Any CPU
		{D0D7C58D-8640-47BD-B613-009A43EFDF33}.Release|Any CPU.ActiveCfg = Release|Any CPU
		{D0D7C58D-8640-47BD-B613-009A43EFDF33}.Release|Any CPU.Build.0 = Release|Any CPU
	EndGlobalSection
	GlobalSection(SolutionProperties) = preSolution
		HideSolutionNode = FALSE
	EndGlobalSection
	GlobalSection(NestedProjects) = preSolution
		{9B2DF267-A35E-4E1F-A4E6-2B6B76ED8866} = {E211ABF9-4552-403E-8013-FC079B94C344}
		{2F4744C5-53EB-4126-8C26-DCE73428512A} = {E211ABF9-4552-403E-8013-FC079B94C344}
		{CC09E3F8-DF4F-41D1-B0D5-E5CC43A894A8} = {E211ABF9-4552-403E-8013-FC079B94C344}
		{74B4D8A0-E777-4C36-8EB9-E3BDF2AD727F} = {E211ABF9-4552-403E-8013-FC079B94C344}
		{D0D7C58D-8640-47BD-B613-009A43EFDF33} = {E211ABF9-4552-403E-8013-FC079B94C344}
	EndGlobalSection
	GlobalSection(ExtensibilityGlobals) = postSolution
		SolutionGuid = {7E412124-C8FE-4482-BCC2-E42EBD60E35B}
	EndGlobalSection
EndGlobal
